// !$*UTF8*$!
{
	archiveVersion = 1;
	classes = {
	};
	objectVersion = 50;
	objects = {

/* Begin PBXBuildFile section */
		DFA2432326B293EB00D62609 /* AppDelegate.swift in Sources */ = {isa = PBXBuildFile; fileRef = DFA2432226B293EB00D62609 /* AppDelegate.swift */; };
		DFA2432526B293EB00D62609 /* SceneDelegate.swift in Sources */ = {isa = PBXBuildFile; fileRef = DFA2432426B293EB00D62609 /* SceneDelegate.swift */; };
		DFA2432726B293EB00D62609 /* ViewController.swift in Sources */ = {isa = PBXBuildFile; fileRef = DFA2432626B293EB00D62609 /* ViewController.swift */; };
		DFA2432A26B293EB00D62609 /* Main.storyboard in Resources */ = {isa = PBXBuildFile; fileRef = DFA2432826B293EB00D62609 /* Main.storyboard */; };
		DFA2432C26B293ED00D62609 /* Assets.xcassets in Resources */ = {isa = PBXBuildFile; fileRef = DFA2432B26B293ED00D62609 /* Assets.xcassets */; };
		DFA2432F26B293ED00D62609 /* LaunchScreen.storyboard in Resources */ = {isa = PBXBuildFile; fileRef = DFA2432D26B293ED00D62609 /* LaunchScreen.storyboard */; };
		DFA2433A26B293ED00D62609 /* iosAppTests.swift in Sources */ = {isa = PBXBuildFile; fileRef = DFA2433926B293ED00D62609 /* iosAppTests.swift */; };
		DFA2434526B293ED00D62609 /* iosAppUITests.swift in Sources */ = {isa = PBXBuildFile; fileRef = DFA2434426B293ED00D62609 /* iosAppUITests.swift */; };
/* End PBXBuildFile section */

/* Begin PBXContainerItemProxy section */
		DFA2433626B293ED00D62609 /* PBXContainerItemProxy */ = {
			isa = PBXContainerItemProxy;
			containerPortal = DFA2431726B293EA00D62609 /* Project object */;
			proxyType = 1;
			remoteGlobalIDString = DFA2431E26B293EA00D62609;
			remoteInfo = iosApp;
		};
		DFA2434126B293ED00D62609 /* PBXContainerItemProxy */ = {
			isa = PBXContainerItemProxy;
			containerPortal = DFA2431726B293EA00D62609 /* Project object */;
			proxyType = 1;
			remoteGlobalIDString = DFA2431E26B293EA00D62609;
			remoteInfo = iosApp;
		};
/* End PBXContainerItemProxy section */

/* Begin PBXFileReference section */
		DFA2431F26B293EB00D62609 /* iosApp.app */ = {isa = PBXFileReference; explicitFileType = wrapper.application; includeInIndex = 0; path = iosApp.app; sourceTree = BUILT_PRODUCTS_DIR; };
		DFA2432226B293EB00D62609 /* AppDelegate.swift */ = {isa = PBXFileReference; lastKnownFileType = sourcecode.swift; path = AppDelegate.swift; sourceTree = "<group>"; };
		DFA2432426B293EB00D62609 /* SceneDelegate.swift */ = {isa = PBXFileReference; lastKnownFileType = sourcecode.swift; path = SceneDelegate.swift; sourceTree = "<group>"; };
		DFA2432626B293EB00D62609 /* ViewController.swift */ = {isa = PBXFileReference; lastKnownFileType = sourcecode.swift; path = ViewController.swift; sourceTree = "<group>"; };
		DFA2432926B293EB00D62609 /* Base */ = {isa = PBXFileReference; lastKnownFileType = file.storyboard; name = Base; path = Base.lproj/Main.storyboard; sourceTree = "<group>"; };
		DFA2432B26B293ED00D62609 /* Assets.xcassets */ = {isa = PBXFileReference; lastKnownFileType = folder.assetcatalog; path = Assets.xcassets; sourceTree = "<group>"; };
		DFA2432E26B293ED00D62609 /* Base */ = {isa = PBXFileReference; lastKnownFileType = file.storyboard; name = Base; path = Base.lproj/LaunchScreen.storyboard; sourceTree = "<group>"; };
		DFA2433026B293ED00D62609 /* Info.plist */ = {isa = PBXFileReference; lastKnownFileType = text.plist.xml; path = Info.plist; sourceTree = "<group>"; };
		DFA2433526B293ED00D62609 /* iosAppTests.xctest */ = {isa = PBXFileReference; explicitFileType = wrapper.cfbundle; includeInIndex = 0; path = iosAppTests.xctest; sourceTree = BUILT_PRODUCTS_DIR; };
		DFA2433926B293ED00D62609 /* iosAppTests.swift */ = {isa = PBXFileReference; lastKnownFileType = sourcecode.swift; path = iosAppTests.swift; sourceTree = "<group>"; };
		DFA2433B26B293ED00D62609 /* Info.plist */ = {isa = PBXFileReference; lastKnownFileType = text.plist.xml; path = Info.plist; sourceTree = "<group>"; };
		DFA2434026B293ED00D62609 /* iosAppUITests.xctest */ = {isa = PBXFileReference; explicitFileType = wrapper.cfbundle; includeInIndex = 0; path = iosAppUITests.xctest; sourceTree = BUILT_PRODUCTS_DIR; };
		DFA2434426B293ED00D62609 /* iosAppUITests.swift */ = {isa = PBXFileReference; lastKnownFileType = sourcecode.swift; path = iosAppUITests.swift; sourceTree = "<group>"; };
		DFA2434626B293ED00D62609 /* Info.plist */ = {isa = PBXFileReference; lastKnownFileType = text.plist.xml; path = Info.plist; sourceTree = "<group>"; };
/* End PBXFileReference section */

/* Begin PBXFrameworksBuildPhase section */
		DFA2431C26B293EA00D62609 /* Frameworks */ = {
			isa = PBXFrameworksBuildPhase;
			buildActionMask = 2147483647;
			files = (
			);
			runOnlyForDeploymentPostprocessing = 0;
		};
		DFA2433226B293ED00D62609 /* Frameworks */ = {
			isa = PBXFrameworksBuildPhase;
			buildActionMask = 2147483647;
			files = (
			);
			runOnlyForDeploymentPostprocessing = 0;
		};
		DFA2433D26B293ED00D62609 /* Frameworks */ = {
			isa = PBXFrameworksBuildPhase;
			buildActionMask = 2147483647;
			files = (
			);
			runOnlyForDeploymentPostprocessing = 0;
		};
/* End PBXFrameworksBuildPhase section */

/* Begin PBXGroup section */
		DFA2431626B293EA00D62609 = {
			isa = PBXGroup;
			children = (
				DFA2432126B293EB00D62609 /* iosApp */,
				DFA2433826B293ED00D62609 /* iosAppTests */,
				DFA2434326B293ED00D62609 /* iosAppUITests */,
				DFA2432026B293EB00D62609 /* Products */,
			);
			sourceTree = "<group>";
		};
		DFA2432026B293EB00D62609 /* Products */ = {
			isa = PBXGroup;
			children = (
				DFA2431F26B293EB00D62609 /* iosApp.app */,
				DFA2433526B293ED00D62609 /* iosAppTests.xctest */,
				DFA2434026B293ED00D62609 /* iosAppUITests.xctest */,
			);
			name = Products;
			sourceTree = "<group>";
		};
		DFA2432126B293EB00D62609 /* iosApp */ = {
			isa = PBXGroup;
			children = (
				DFA2432226B293EB00D62609 /* AppDelegate.swift */,
				DFA2432426B293EB00D62609 /* SceneDelegate.swift */,
				DFA2432626B293EB00D62609 /* ViewController.swift */,
				DFA2432826B293EB00D62609 /* Main.storyboard */,
				DFA2432B26B293ED00D62609 /* Assets.xcassets */,
				DFA2432D26B293ED00D62609 /* LaunchScreen.storyboard */,
				DFA2433026B293ED00D62609 /* Info.plist */,
			);
			path = iosApp;
			sourceTree = "<group>";
		};
		DFA2433826B293ED00D62609 /* iosAppTests */ = {
			isa = PBXGroup;
			children = (
				DFA2433926B293ED00D62609 /* iosAppTests.swift */,
				DFA2433B26B293ED00D62609 /* Info.plist */,
			);
			path = iosAppTests;
			sourceTree = "<group>";
		};
		DFA2434326B293ED00D62609 /* iosAppUITests */ = {
			isa = PBXGroup;
			children = (
				DFA2434426B293ED00D62609 /* iosAppUITests.swift */,
				DFA2434626B293ED00D62609 /* Info.plist */,
			);
			path = iosAppUITests;
			sourceTree = "<group>";
		};
/* End PBXGroup section */

/* Begin PBXNativeTarget section */
		DFA2431E26B293EA00D62609 /* iosApp */ = {
			isa = PBXNativeTarget;
			buildConfigurationList = DFA2434926B293ED00D62609 /* Build configuration list for PBXNativeTarget "iosApp" */;
			buildPhases = (
				DFA2431B26B293EA00D62609 /* Sources */,
				DFA2431C26B293EA00D62609 /* Frameworks */,
				DFA2431D26B293EA00D62609 /* Resources */,
			);
			buildRules = (
			);
			dependencies = (
			);
			name = iosApp;
			productName = iosApp;
			productReference = DFA2431F26B293EB00D62609 /* iosApp.app */;
			productType = "com.apple.product-type.application";
		};
		DFA2433426B293ED00D62609 /* iosAppTests */ = {
			isa = PBXNativeTarget;
			buildConfigurationList = DFA2434C26B293ED00D62609 /* Build configuration list for PBXNativeTarget "iosAppTests" */;
			buildPhases = (
				DFA2433126B293ED00D62609 /* Sources */,
				DFA2433226B293ED00D62609 /* Frameworks */,
				DFA2433326B293ED00D62609 /* Resources */,
			);
			buildRules = (
			);
			dependencies = (
				DFA2433726B293ED00D62609 /* PBXTargetDependency */,
			);
			name = iosAppTests;
			productName = iosAppTests;
			productReference = DFA2433526B293ED00D62609 /* iosAppTests.xctest */;
			productType = "com.apple.product-type.bundle.unit-test";
		};
		DFA2433F26B293ED00D62609 /* iosAppUITests */ = {
			isa = PBXNativeTarget;
			buildConfigurationList = DFA2434F26B293ED00D62609 /* Build configuration list for PBXNativeTarget "iosAppUITests" */;
			buildPhases = (
				DFA2433C26B293ED00D62609 /* Sources */,
				DFA2433D26B293ED00D62609 /* Frameworks */,
				DFA2433E26B293ED00D62609 /* Resources */,
			);
			buildRules = (
			);
			dependencies = (
				DFA2434226B293ED00D62609 /* PBXTargetDependency */,
			);
			name = iosAppUITests;
			productName = iosAppUITests;
			productReference = DFA2434026B293ED00D62609 /* iosAppUITests.xctest */;
			productType = "com.apple.product-type.bundle.ui-testing";
		};
/* End PBXNativeTarget section */

/* Begin PBXProject section */
		DFA2431726B293EA00D62609 /* Project object */ = {
			isa = PBXProject;
			attributes = {
				LastSwiftUpdateCheck = 1130;
				LastUpgradeCheck = 1130;
				ORGANIZATIONNAME = "許景評";
				TargetAttributes = {
					DFA2431E26B293EA00D62609 = {
						CreatedOnToolsVersion = 11.3.1;
					};
					DFA2433426B293ED00D62609 = {
						CreatedOnToolsVersion = 11.3.1;
						TestTargetID = DFA2431E26B293EA00D62609;
					};
					DFA2433F26B293ED00D62609 = {
						CreatedOnToolsVersion = 11.3.1;
						TestTargetID = DFA2431E26B293EA00D62609;
					};
				};
			};
			buildConfigurationList = DFA2431A26B293EA00D62609 /* Build configuration list for PBXProject "iosApp" */;
			compatibilityVersion = "Xcode 9.3";
			developmentRegion = en;
			hasScannedForEncodings = 0;
			knownRegions = (
				en,
				Base,
			);
			mainGroup = DFA2431626B293EA00D62609;
			productRefGroup = DFA2432026B293EB00D62609 /* Products */;
			projectDirPath = "";
			projectRoot = "";
			targets = (
				DFA2431E26B293EA00D62609 /* iosApp */,
				DFA2433426B293ED00D62609 /* iosAppTests */,
				DFA2433F26B293ED00D62609 /* iosAppUITests */,
			);
		};
/* End PBXProject section */

/* Begin PBXResourcesBuildPhase section */
		DFA2431D26B293EA00D62609 /* Resources */ = {
			isa = PBXResourcesBuildPhase;
			buildActionMask = 2147483647;
			files = (
				DFA2432F26B293ED00D62609 /* LaunchScreen.storyboard in Resources */,
				DFA2432C26B293ED00D62609 /* Assets.xcassets in Resources */,
				DFA2432A26B293EB00D62609 /* Main.storyboard in Resources */,
			);
			runOnlyForDeploymentPostprocessing = 0;
		};
		DFA2433326B293ED00D62609 /* Resources */ = {
			isa = PBXResourcesBuildPhase;
			buildActionMask = 2147483647;
			files = (
			);
			runOnlyForDeploymentPostprocessing = 0;
		};
		DFA2433E26B293ED00D62609 /* Resources */ = {
			isa = PBXResourcesBuildPhase;
			buildActionMask = 2147483647;
			files = (
			);
			runOnlyForDeploymentPostprocessing = 0;
		};
/* End PBXResourcesBuildPhase section */

/* Begin PBXSourcesBuildPhase section */
		DFA2431B26B293EA00D62609 /* Sources */ = {
			isa = PBXSourcesBuildPhase;
			buildActionMask = 2147483647;
			files = (
				DFA2432726B293EB00D62609 /* ViewController.swift in Sources */,
				DFA2432326B293EB00D62609 /* AppDelegate.swift in Sources */,
				DFA2432526B293EB00D62609 /* SceneDelegate.swift in Sources */,
			);
			runOnlyForDeploymentPostprocessing = 0;
		};
		DFA2433126B293ED00D62609 /* Sources */ = {
			isa = PBXSourcesBuildPhase;
			buildActionMask = 2147483647;
			files = (
				DFA2433A26B293ED00D62609 /* iosAppTests.swift in Sources */,
			);
			runOnlyForDeploymentPostprocessing = 0;
		};
		DFA2433C26B293ED00D62609 /* Sources */ = {
			isa = PBXSourcesBuildPhase;
			buildActionMask = 2147483647;
			files = (
				DFA2434526B293ED00D62609 /* iosAppUITests.swift in Sources */,
			);
			runOnlyForDeploymentPostprocessing = 0;
		};
/* End PBXSourcesBuildPhase section */

/* Begin PBXTargetDependency section */
		DFA2433726B293ED00D62609 /* PBXTargetDependency */ = {
			isa = PBXTargetDependency;
			target = DFA2431E26B293EA00D62609 /* iosApp */;
			targetProxy = DFA2433626B293ED00D62609 /* PBXContainerItemProxy */;
		};
		DFA2434226B293ED00D62609 /* PBXTargetDependency */ = {
			isa = PBXTargetDependency;
			target = DFA2431E26B293EA00D62609 /* iosApp */;
			targetProxy = DFA2434126B293ED00D62609 /* PBXContainerItemProxy */;
		};
/* End PBXTargetDependency section */

/* Begin PBXVariantGroup section */
		DFA2432826B293EB00D62609 /* Main.storyboard */ = {
			isa = PBXVariantGroup;
			children = (
				DFA2432926B293EB00D62609 /* Base */,
			);
			name = Main.storyboard;
			sourceTree = "<group>";
		};
		DFA2432D26B293ED00D62609 /* LaunchScreen.storyboard */ = {
			isa = PBXVariantGroup;
			children = (
				DFA2432E26B293ED00D62609 /* Base */,
			);
			name = LaunchScreen.storyboard;
			sourceTree = "<group>";
		};
/* End PBXVariantGroup section */

/* Begin XCBuildConfiguration section */
		DFA2434726B293ED00D62609 /* Debug */ = {
			isa = XCBuildConfiguration;
			buildSettings = {
				ALWAYS_SEARCH_USER_PATHS = NO;
				CLANG_ANALYZER_NONNULL = YES;
				CLANG_ANALYZER_NUMBER_OBJECT_CONVERSION = YES_AGGRESSIVE;
				CLANG_CXX_LANGUAGE_STANDARD = "gnu++14";
				CLANG_CXX_LIBRARY = "libc++";
				CLANG_ENABLE_MODULES = YES;
				CLANG_ENABLE_OBJC_ARC = YES;
				CLANG_ENABLE_OBJC_WEAK = YES;
				CLANG_WARN_BLOCK_CAPTURE_AUTORELEASING = YES;
				CLANG_WARN_BOOL_CONVERSION = YES;
				CLANG_WARN_COMMA = YES;
				CLANG_WARN_CONSTANT_CONVERSION = YES;
				CLANG_WARN_DEPRECATED_OBJC_IMPLEMENTATIONS = YES;
				CLANG_WARN_DIRECT_OBJC_ISA_USAGE = YES_ERROR;
				CLANG_WARN_DOCUMENTATION_COMMENTS = YES;
				CLANG_WARN_EMPTY_BODY = YES;
				CLANG_WARN_ENUM_CONVERSION = YES;
				CLANG_WARN_INFINITE_RECURSION = YES;
				CLANG_WARN_INT_CONVERSION = YES;
				CLANG_WARN_NON_LITERAL_NULL_CONVERSION = YES;
				CLANG_WARN_OBJC_IMPLICIT_RETAIN_SELF = YES;
				CLANG_WARN_OBJC_LITERAL_CONVERSION = YES;
				CLANG_WARN_OBJC_ROOT_CLASS = YES_ERROR;
				CLANG_WARN_RANGE_LOOP_ANALYSIS = YES;
				CLANG_WARN_STRICT_PROTOTYPES = YES;
				CLANG_WARN_SUSPICIOUS_MOVE = YES;
				CLANG_WARN_UNGUARDED_AVAILABILITY = YES_AGGRESSIVE;
				CLANG_WARN_UNREACHABLE_CODE = YES;
				CLANG_WARN__DUPLICATE_METHOD_MATCH = YES;
				COPY_PHASE_STRIP = NO;
				DEBUG_INFORMATION_FORMAT = dwarf;
				ENABLE_STRICT_OBJC_MSGSEND = YES;
				ENABLE_TESTABILITY = YES;
				GCC_C_LANGUAGE_STANDARD = gnu11;
				GCC_DYNAMIC_NO_PIC = NO;
				GCC_NO_COMMON_BLOCKS = YES;
				GCC_OPTIMIZATION_LEVEL = 0;
				GCC_PREPROCESSOR_DEFINITIONS = (
					"DEBUG=1",
					"$(inherited)",
				);
				GCC_WARN_64_TO_32_BIT_CONVERSION = YES;
				GCC_WARN_ABOUT_RETURN_TYPE = YES_ERROR;
				GCC_WARN_UNDECLARED_SELECTOR = YES;
				GCC_WARN_UNINITIALIZED_AUTOS = YES_AGGRESSIVE;
				GCC_WARN_UNUSED_FUNCTION = YES;
				GCC_WARN_UNUSED_VARIABLE = YES;
				IPHONEOS_DEPLOYMENT_TARGET = 13.2;
				MTL_ENABLE_DEBUG_INFO = INCLUDE_SOURCE;
				MTL_FAST_MATH = YES;
				ONLY_ACTIVE_ARCH = YES;
				SDKROOT = iphoneos;
				SWIFT_ACTIVE_COMPILATION_CONDITIONS = DEBUG;
				SWIFT_OPTIMIZATION_LEVEL = "-Onone";
			};
			name = Debug;
		};
		DFA2434826B293ED00D62609 /* Release */ = {
			isa = XCBuildConfiguration;
			buildSettings = {
				ALWAYS_SEARCH_USER_PATHS = NO;
				CLANG_ANALYZER_NONNULL = YES;
				CLANG_ANALYZER_NUMBER_OBJECT_CONVERSION = YES_AGGRESSIVE;
				CLANG_CXX_LANGUAGE_STANDARD = "gnu++14";
				CLANG_CXX_LIBRARY = "libc++";
				CLANG_ENABLE_MODULES = YES;
				CLANG_ENABLE_OBJC_ARC = YES;
				CLANG_ENABLE_OBJC_WEAK = YES;
				CLANG_WARN_BLOCK_CAPTURE_AUTORELEASING = YES;
				CLANG_WARN_BOOL_CONVERSION = YES;
				CLANG_WARN_COMMA = YES;
				CLANG_WARN_CONSTANT_CONVERSION = YES;
				CLANG_WARN_DEPRECATED_OBJC_IMPLEMENTATIONS = YES;
				CLANG_WARN_DIRECT_OBJC_ISA_USAGE = YES_ERROR;
				CLANG_WARN_DOCUMENTATION_COMMENTS = YES;
				CLANG_WARN_EMPTY_BODY = YES;
				CLANG_WARN_ENUM_CONVERSION = YES;
				CLANG_WARN_INFINITE_RECURSION = YES;
				CLANG_WARN_INT_CONVERSION = YES;
				CLANG_WARN_NON_LITERAL_NULL_CONVERSION = YES;
				CLANG_WARN_OBJC_IMPLICIT_RETAIN_SELF = YES;
				CLANG_WARN_OBJC_LITERAL_CONVERSION = YES;
				CLANG_WARN_OBJC_ROOT_CLASS = YES_ERROR;
				CLANG_WARN_RANGE_LOOP_ANALYSIS = YES;
				CLANG_WARN_STRICT_PROTOTYPES = YES;
				CLANG_WARN_SUSPICIOUS_MOVE = YES;
				CLANG_WARN_UNGUARDED_AVAILABILITY = YES_AGGRESSIVE;
				CLANG_WARN_UNREACHABLE_CODE = YES;
				CLANG_WARN__DUPLICATE_METHOD_MATCH = YES;
				COPY_PHASE_STRIP = NO;
				DEBUG_INFORMATION_FORMAT = "dwarf-with-dsym";
				ENABLE_NS_ASSERTIONS = NO;
				ENABLE_STRICT_OBJC_MSGSEND = YES;
				GCC_C_LANGUAGE_STANDARD = gnu11;
				GCC_NO_COMMON_BLOCKS = YES;
				GCC_WARN_64_TO_32_BIT_CONVERSION = YES;
				GCC_WARN_ABOUT_RETURN_TYPE = YES_ERROR;
				GCC_WARN_UNDECLARED_SELECTOR = YES;
				GCC_WARN_UNINITIALIZED_AUTOS = YES_AGGRESSIVE;
				GCC_WARN_UNUSED_FUNCTION = YES;
				GCC_WARN_UNUSED_VARIABLE = YES;
				IPHONEOS_DEPLOYMENT_TARGET = 13.2;
				MTL_ENABLE_DEBUG_INFO = NO;
				MTL_FAST_MATH = YES;
				SDKROOT = iphoneos;
				SWIFT_COMPILATION_MODE = wholemodule;
				SWIFT_OPTIMIZATION_LEVEL = "-O";
				VALIDATE_PRODUCT = YES;
			};
			name = Release;
		};
		DFA2434A26B293ED00D62609 /* Debug */ = {
			isa = XCBuildConfiguration;
			buildSettings = {
				ASSETCATALOG_COMPILER_APPICON_NAME = AppIcon;
				CODE_SIGN_STYLE = Automatic;
				DEVELOPMENT_TEAM = TJ6DC6A4BU;
				INFOPLIST_FILE = iosApp/Info.plist;
				LD_RUNPATH_SEARCH_PATHS = (
					"$(inherited)",
					"@executable_path/Frameworks",
				);
				PRODUCT_BUNDLE_IDENTIFIER = Steven.iosApp;
				PRODUCT_NAME = "$(TARGET_NAME)";
				SWIFT_VERSION = 5.0;
				TARGETED_DEVICE_FAMILY = "1,2";
			};
			name = Debug;
		};
		DFA2434B26B293ED00D62609 /* Release */ = {
			isa = XCBuildConfiguration;
			buildSettings = {
				ASSETCATALOG_COMPILER_APPICON_NAME = AppIcon;
				CODE_SIGN_STYLE = Automatic;
				DEVELOPMENT_TEAM = TJ6DC6A4BU;
				INFOPLIST_FILE = iosApp/Info.plist;
				LD_RUNPATH_SEARCH_PATHS = (
					"$(inherited)",
					"@executable_path/Frameworks",
				);
				PRODUCT_BUNDLE_IDENTIFIER = Steven.iosApp;
				PRODUCT_NAME = "$(TARGET_NAME)";
				SWIFT_VERSION = 5.0;
				TARGETED_DEVICE_FAMILY = "1,2";
			};
			name = Release;
		};
		DFA2434D26B293ED00D62609 /* Debug */ = {
			isa = XCBuildConfiguration;
			buildSettings = {
				ALWAYS_EMBED_SWIFT_STANDARD_LIBRARIES = YES;
				BUNDLE_LOADER = "$(TEST_HOST)";
				CODE_SIGN_STYLE = Automatic;
				DEVELOPMENT_TEAM = TJ6DC6A4BU;
				INFOPLIST_FILE = iosAppTests/Info.plist;
				IPHONEOS_DEPLOYMENT_TARGET = 13.2;
				LD_RUNPATH_SEARCH_PATHS = (
					"$(inherited)",
					"@executable_path/Frameworks",
					"@loader_path/Frameworks",
				);
				PRODUCT_BUNDLE_IDENTIFIER = Steven.iosAppTests;
				PRODUCT_NAME = "$(TARGET_NAME)";
				SWIFT_VERSION = 5.0;
				TARGETED_DEVICE_FAMILY = "1,2";
				TEST_HOST = "$(BUILT_PRODUCTS_DIR)/iosApp.app/iosApp";
			};
			name = Debug;
		};
		DFA2434E26B293ED00D62609 /* Release */ = {
			isa = XCBuildConfiguration;
			buildSettings = {
				ALWAYS_EMBED_SWIFT_STANDARD_LIBRARIES = YES;
				BUNDLE_LOADER = "$(TEST_HOST)";
				CODE_SIGN_STYLE = Automatic;
				DEVELOPMENT_TEAM = TJ6DC6A4BU;
				INFOPLIST_FILE = iosAppTests/Info.plist;
				IPHONEOS_DEPLOYMENT_TARGET = 13.2;
				LD_RUNPATH_SEARCH_PATHS = (
					"$(inherited)",
					"@executable_path/Frameworks",
					"@loader_path/Frameworks",
				);
				PRODUCT_BUNDLE_IDENTIFIER = Steven.iosAppTests;
				PRODUCT_NAME = "$(TARGET_NAME)";
				SWIFT_VERSION = 5.0;
				TARGETED_DEVICE_FAMILY = "1,2";
				TEST_HOST = "$(BUILT_PRODUCTS_DIR)/iosApp.app/iosApp";
			};
			name = Release;
		};
		DFA2435026B293ED00D62609 /* Debug */ = {
			isa = XCBuildConfiguration;
			buildSettings = {
				ALWAYS_EMBED_SWIFT_STANDARD_LIBRARIES = YES;
				CODE_SIGN_STYLE = Automatic;
				DEVELOPMENT_TEAM = TJ6DC6A4BU;
				INFOPLIST_FILE = iosAppUITests/Info.plist;
				LD_RUNPATH_SEARCH_PATHS = (
					"$(inherited)",
					"@executable_path/Frameworks",
					"@loader_path/Frameworks",
				);
				PRODUCT_BUNDLE_IDENTIFIER = Steven.iosAppUITests;
				PRODUCT_NAME = "$(TARGET_NAME)";
				SWIFT_VERSION = 5.0;
				TARGETED_DEVICE_FAMILY = "1,2";
				TEST_TARGET_NAME = iosApp;
			};
			name = Debug;
		};
		DFA2435126B293ED00D62609 /* Release */ = {
			isa = XCBuildConfiguration;
			buildSettings = {
				ALWAYS_EMBED_SWIFT_STANDARD_LIBRARIES = YES;
				CODE_SIGN_STYLE = Automatic;
				DEVELOPMENT_TEAM = TJ6DC6A4BU;
				INFOPLIST_FILE = iosAppUITests/Info.plist;
				LD_RUNPATH_SEARCH_PATHS = (
					"$(inherited)",
					"@executable_path/Frameworks",
					"@loader_path/Frameworks",
				);
				PRODUCT_BUNDLE_IDENTIFIER = Steven.iosAppUITests;
				PRODUCT_NAME = "$(TARGET_NAME)";
				SWIFT_VERSION = 5.0;
				TARGETED_DEVICE_FAMILY = "1,2";
				TEST_TARGET_NAME = iosApp;
			};
			name = Release;
		};
/* End XCBuildConfiguration section */

/* Begin XCConfigurationList section */
		DFA2431A26B293EA00D62609 /* Build configuration list for PBXProject "iosApp" */ = {
			isa = XCConfigurationList;
			buildConfigurations = (
				DFA2434726B293ED00D62609 /* Debug */,
				DFA2434826B293ED00D62609 /* Release */,
			);
			defaultConfigurationIsVisible = 0;
			defaultConfigurationName = Release;
		};
		DFA2434926B293ED00D62609 /* Build configuration list for PBXNativeTarget "iosApp" */ = {
			isa = XCConfigurationList;
			buildConfigurations = (
				DFA2434A26B293ED00D62609 /* Debug */,
				DFA2434B26B293ED00D62609 /* Release */,
			);
			defaultConfigurationIsVisible = 0;
			defaultConfigurationName = Release;
		};
		DFA2434C26B293ED00D62609 /* Build configuration list for PBXNativeTarget "iosAppTests" */ = {
			isa = XCConfigurationList;
			buildConfigurations = (
				DFA2434D26B293ED00D62609 /* Debug */,
				DFA2434E26B293ED00D62609 /* Release */,
			);
			defaultConfigurationIsVisible = 0;
			defaultConfigurationName = Release;
		};
		DFA2434F26B293ED00D62609 /* Build configuration list for PBXNativeTarget "iosAppUITests" */ = {
			isa = XCConfigurationList;
			buildConfigurations = (
				DFA2435026B293ED00D62609 /* Debug */,
				DFA2435126B293ED00D62609 /* Release */,
			);
			defaultConfigurationIsVisible = 0;
			defaultConfigurationName = Release;
		};
/* End XCConfigurationList section */
	};
	rootObject = DFA2431726B293EA00D62609 /* Project object */;
}
